
Microsoft Visual Studio Solution File, Format Version 12.00
# Visual Studio 15
VisualStudioVersion = 15.0.28307.757
MinimumVisualStudioVersion = 10.0.40219.1
Project("{FAE04EC0-301F-11D3-BF4B-00C04F79EFBC}") = "BookRental.DataAccess", "BookRental.DataAccess\BookRental.DataAccess.csproj", "{202BB01D-169B-43F5-8AD3-55915174886D}"
EndProject
Project("{FAE04EC0-301F-11D3-BF4B-00C04F79EFBC}") = "BookRental.DataModels", "BookRental.DataModels\BookRental.DataModels.csproj", "{354284C4-99F1-46EA-8584-3E27D4DD67DF}"
EndProject
Project("{FAE04EC0-301F-11D3-BF4B-00C04F79EFBC}") = "BookRental.Services", "BookRental.Services\BookRental.Services.csproj", "{55510002-C2CF-4502-9496-85F7435C4303}"
EndProject
Project("{FAE04EC0-301F-11D3-BF4B-00C04F79EFBC}") = "BookRental.Web", "BookRental.Web\BookRental.Web.csproj", "{430B62A4-77E2-465B-9273-D3C5ECD3AE9C}"
EndProject
Global
	GlobalSection(SolutionConfigurationPlatforms) = preSolution
		Debug|Any CPU = Debug|Any CPU
		Release|Any CPU = Release|Any CPU
	EndGlobalSection
	GlobalSection(ProjectConfigurationPlatforms) = postSolution
		{202BB01D-169B-43F5-8AD3-55915174886D}.Debug|Any CPU.ActiveCfg = Debug|Any CPU
		{202BB01D-169B-43F5-8AD3-55915174886D}.Debug|Any CPU.Build.0 = Debug|Any CPU
		{202BB01D-169B-43F5-8AD3-55915174886D}.Release|Any CPU.ActiveCfg = Release|Any CPU
		{202BB01D-169B-43F5-8AD3-55915174886D}.Release|Any CPU.Build.0 = Release|Any CPU
		{354284C4-99F1-46EA-8584-3E27D4DD67DF}.Debug|Any CPU.ActiveCfg = Debug|Any CPU
		{354284C4-99F1-46EA-8584-3E27D4DD67DF}.Debug|Any CPU.Build.0 = Debug|Any CPU
		{354284C4-99F1-46EA-8584-3E27D4DD67DF}.Release|Any CPU.ActiveCfg = Release|Any CPU
		{354284C4-99F1-46EA-8584-3E27D4DD67DF}.Release|Any CPU.Build.0 = Release|Any CPU
		{55510002-C2CF-4502-9496-85F7435C4303}.Debug|Any CPU.ActiveCfg = Debug|Any CPU
		{55510002-C2CF-4502-9496-85F7435C4303}.Debug|Any CPU.Build.0 = Debug|Any CPU
		{55510002-C2CF-4502-9496-85F7435C4303}.Release|Any CPU.ActiveCfg = Release|Any CPU
		{55510002-C2CF-4502-9496-85F7435C4303}.Release|Any CPU.Build.0 = Release|Any CPU
		{430B62A4-77E2-465B-9273-D3C5ECD3AE9C}.Debug|Any CPU.ActiveCfg = Debug|Any CPU
		{430B62A4-77E2-465B-9273-D3C5ECD3AE9C}.Debug|Any CPU.Build.0 = Debug|Any CPU
		{430B62A4-77E2-465B-9273-D3C5ECD3AE9C}.Release|Any CPU.ActiveCfg = Release|Any CPU
		{430B62A4-77E2-465B-9273-D3C5ECD3AE9C}.Release|Any CPU.Build.0 = Release|Any CPU
	EndGlobalSection
	GlobalSection(SolutionProperties) = preSolution
		HideSolutionNode = FALSE
	EndGlobalSection
	GlobalSection(ExtensibilityGlobals) = postSolution
		SolutionGuid = {BA1C180A-EA8F-4085-B326-165AAE718C84}
	EndGlobalSection
EndGlobal
